{
  "name": "study-note",
  "version": "1.0.0",
  "lockfileVersion": 1,
  "requires": true,
  "dependencies": {
    "gitbook-plugin-baidu": {
      "version": "0.1.0",
      "resolved": "https://registry.npmjs.org/gitbook-plugin-baidu/-/gitbook-plugin-baidu-0.1.0.tgz",
      "integrity": "sha1-zo5SBy+T91pGZwvILciOwHJCnnY="
    },
    "gitbook-plugin-disqus": {
      "version": "0.1.0",
      "resolved": "https://registry.npmjs.org/gitbook-plugin-disqus/-/gitbook-plugin-disqus-0.1.0.tgz",
      "integrity": "sha1-9gNfnEmHz1/JGA4FpkQ1pngpatY="
    }
  }
}
